
Microsoft Visual Studio Solution File, Format Version 12.00
# Visual Studio Version 17
VisualStudioVersion = 17.14.36429.23 d17.14
MinimumVisualStudioVersion = 10.0.40219.1
Project("{FAE04EC0-301F-11D3-BF4B-00C04F79EFBC}") = "PracticaComandos", "PracticaComandos.csproj", "{01DA74F0-7011-4BAC-A4E3-D859F374D96F}"
EndProject
Global
	GlobalSection(SolutionConfigurationPlatforms) = preSolution
		Debug|Any CPU = Debug|Any CPU
		Release|Any CPU = Release|Any CPU
	EndGlobalSection
	GlobalSection(ProjectConfigurationPlatforms) = postSolution
		{01DA74F0-7011-4BAC-A4E3-D859F374D96F}.Debug|Any CPU.ActiveCfg = Debug|Any CPU
		{01DA74F0-7011-4BAC-A4E3-D859F374D96F}.Debug|Any CPU.Build.0 = Debug|Any CPU
		{01DA74F0-7011-4BAC-A4E3-D859F374D96F}.Debug|Any CPU.Deploy.0 = Debug|Any CPU
		{01DA74F0-7011-4BAC-A4E3-D859F374D96F}.Release|Any CPU.ActiveCfg = Release|Any CPU
		{01DA74F0-7011-4BAC-A4E3-D859F374D96F}.Release|Any CPU.Build.0 = Release|Any CPU
		{01DA74F0-7011-4BAC-A4E3-D859F374D96F}.Release|Any CPU.Deploy.0 = Release|Any CPU
	EndGlobalSection
	GlobalSection(SolutionProperties) = preSolution
		HideSolutionNode = FALSE
	EndGlobalSection
	GlobalSection(ExtensibilityGlobals) = postSolution
		SolutionGuid = {D4DFBAC6-93A0-4BA7-9E9B-4676FA04D03B}
	EndGlobalSection
EndGlobal
